
Microsoft Visual Studio Solution File, Format Version 12.00
# TcXaeShell Solution File, Format Version 11.00
VisualStudioVersion = 17.7.34302.85
MinimumVisualStudioVersion = 10.0.40219.1
Project("{FE7A1B72-C5B7-4D7C-BB7D-76384D4DE8E1}") = "TestHmiServer", "TestHmiServer\TestHmiServer.hmiproj", "{ACC0E474-2137-4508-8AD9-DA76D3C7B604}"
EndProject
Global
	GlobalSection(SolutionConfigurationPlatforms) = preSolution
		Debug|TwinCAT HMI = Debug|TwinCAT HMI
		Release|TwinCAT HMI = Release|TwinCAT HMI
	EndGlobalSection
	GlobalSection(ProjectConfigurationPlatforms) = postSolution
		{ACC0E474-2137-4508-8AD9-DA76D3C7B604}.Debug|TwinCAT HMI.ActiveCfg = Debug|TwinCAT HMI
		{ACC0E474-2137-4508-8AD9-DA76D3C7B604}.Debug|TwinCAT HMI.Build.0 = Debug|TwinCAT HMI
		{ACC0E474-2137-4508-8AD9-DA76D3C7B604}.Release|TwinCAT HMI.ActiveCfg = Release|TwinCAT HMI
		{ACC0E474-2137-4508-8AD9-DA76D3C7B604}.Release|TwinCAT HMI.Build.0 = Release|TwinCAT HMI
	EndGlobalSection
	GlobalSection(SolutionProperties) = preSolution
		HideSolutionNode = FALSE
	EndGlobalSection
	GlobalSection(ExtensibilityGlobals) = postSolution
		SolutionGuid = {4B44BE34-3CD2-4583-A734-E3FDC4006663}
	EndGlobalSection
EndGlobal
